
Microsoft Visual Studio Solution File, Format Version 12.00
# Visual Studio Version 17
VisualStudioVersion = 17.3.32825.248
MinimumVisualStudioVersion = 10.0.40219.1
Project("{FAE04EC0-301F-11D3-BF4B-00C04F79EFBC}") = "pryBazanDeporte", "pryBazanDeporte.csproj", "{631B32FF-B4C2-4F68-8BE2-7D624D825743}"
EndProject
Global
	GlobalSection(SolutionConfigurationPlatforms) = preSolution
		Debug|Any CPU = Debug|Any CPU
		Release|Any CPU = Release|Any CPU
	EndGlobalSection
	GlobalSection(ProjectConfigurationPlatforms) = postSolution
		{631B32FF-B4C2-4F68-8BE2-7D624D825743}.Debug|Any CPU.ActiveCfg = Debug|Any CPU
		{631B32FF-B4C2-4F68-8BE2-7D624D825743}.Debug|Any CPU.Build.0 = Debug|Any CPU
		{631B32FF-B4C2-4F68-8BE2-7D624D825743}.Release|Any CPU.ActiveCfg = Release|Any CPU
		{631B32FF-B4C2-4F68-8BE2-7D624D825743}.Release|Any CPU.Build.0 = Release|Any CPU
	EndGlobalSection
	GlobalSection(SolutionProperties) = preSolution
		HideSolutionNode = FALSE
	EndGlobalSection
	GlobalSection(ExtensibilityGlobals) = postSolution
		SolutionGuid = {409E9C8A-E435-4801-B489-861FD5AE2A33}
	EndGlobalSection
EndGlobal
